// !$*UTF8*$!
{
	archiveVersion = 1;
	classes = {
	};
	objectVersion = 55;
	objects = {

/* Begin PBXBuildFile section */
		63630BB02853935600758D67 /* AppDelegate.swift in Sources */ = {isa = PBXBuildFile; fileRef = 63630BAF2853935600758D67 /* AppDelegate.swift */; };
		63630BB22853935600758D67 /* SceneDelegate.swift in Sources */ = {isa = PBXBuildFile; fileRef = 63630BB12853935600758D67 /* SceneDelegate.swift */; };
		63630BB72853935600758D67 /* Main.storyboard in Resources */ = {isa = PBXBuildFile; fileRef = 63630BB52853935600758D67 /* Main.storyboard */; };
		63630BB92853935800758D67 /* Assets.xcassets in Resources */ = {isa = PBXBuildFile; fileRef = 63630BB82853935800758D67 /* Assets.xcassets */; };
		63630BBC2853935800758D67 /* LaunchScreen.storyboard in Resources */ = {isa = PBXBuildFile; fileRef = 63630BBA2853935800758D67 /* LaunchScreen.storyboard */; };
		63630BC72853935900758D67 /* SymbolWeatherTests.swift in Sources */ = {isa = PBXBuildFile; fileRef = 63630BC62853935900758D67 /* SymbolWeatherTests.swift */; };
		63630BD12853935900758D67 /* SymbolWeatherUITests.swift in Sources */ = {isa = PBXBuildFile; fileRef = 63630BD02853935900758D67 /* SymbolWeatherUITests.swift */; };
		63630BD32853935900758D67 /* SymbolWeatherUITestsLaunchTests.swift in Sources */ = {isa = PBXBuildFile; fileRef = 63630BD22853935900758D67 /* SymbolWeatherUITestsLaunchTests.swift */; };
		63630BE0285393B700758D67 /* WeatherViewController.swift in Sources */ = {isa = PBXBuildFile; fileRef = 63630BDF285393B700758D67 /* WeatherViewController.swift */; };
/* End PBXBuildFile section */

/* Begin PBXContainerItemProxy section */
		63630BC32853935900758D67 /* PBXContainerItemProxy */ = {
			isa = PBXContainerItemProxy;
			containerPortal = 63630BA42853935600758D67 /* Project object */;
			proxyType = 1;
			remoteGlobalIDString = 63630BAB2853935600758D67;
			remoteInfo = SymbolWeather;
		};
		63630BCD2853935900758D67 /* PBXContainerItemProxy */ = {
			isa = PBXContainerItemProxy;
			containerPortal = 63630BA42853935600758D67 /* Project object */;
			proxyType = 1;
			remoteGlobalIDString = 63630BAB2853935600758D67;
			remoteInfo = SymbolWeather;
		};
/* End PBXContainerItemProxy section */

/* Begin PBXFileReference section */
		63630BAC2853935600758D67 /* SymbolWeather.app */ = {isa = PBXFileReference; explicitFileType = wrapper.application; includeInIndex = 0; path = SymbolWeather.app; sourceTree = BUILT_PRODUCTS_DIR; };
		63630BAF2853935600758D67 /* AppDelegate.swift */ = {isa = PBXFileReference; lastKnownFileType = sourcecode.swift; path = AppDelegate.swift; sourceTree = "<group>"; };
		63630BB12853935600758D67 /* SceneDelegate.swift */ = {isa = PBXFileReference; lastKnownFileType = sourcecode.swift; path = SceneDelegate.swift; sourceTree = "<group>"; };
		63630BB62853935600758D67 /* Base */ = {isa = PBXFileReference; lastKnownFileType = file.storyboard; name = Base; path = Base.lproj/Main.storyboard; sourceTree = "<group>"; };
		63630BB82853935800758D67 /* Assets.xcassets */ = {isa = PBXFileReference; lastKnownFileType = folder.assetcatalog; path = Assets.xcassets; sourceTree = "<group>"; };
		63630BBB2853935800758D67 /* Base */ = {isa = PBXFileReference; lastKnownFileType = file.storyboard; name = Base; path = Base.lproj/LaunchScreen.storyboard; sourceTree = "<group>"; };
		63630BBD2853935800758D67 /* Info.plist */ = {isa = PBXFileReference; lastKnownFileType = text.plist.xml; path = Info.plist; sourceTree = "<group>"; };
		63630BC22853935900758D67 /* SymbolWeatherTests.xctest */ = {isa = PBXFileReference; explicitFileType = wrapper.cfbundle; includeInIndex = 0; path = SymbolWeatherTests.xctest; sourceTree = BUILT_PRODUCTS_DIR; };
		63630BC62853935900758D67 /* SymbolWeatherTests.swift */ = {isa = PBXFileReference; lastKnownFileType = sourcecode.swift; path = SymbolWeatherTests.swift; sourceTree = "<group>"; };
		63630BCC2853935900758D67 /* SymbolWeatherUITests.xctest */ = {isa = PBXFileReference; explicitFileType = wrapper.cfbundle; includeInIndex = 0; path = SymbolWeatherUITests.xctest; sourceTree = BUILT_PRODUCTS_DIR; };
		63630BD02853935900758D67 /* SymbolWeatherUITests.swift */ = {isa = PBXFileReference; lastKnownFileType = sourcecode.swift; path = SymbolWeatherUITests.swift; sourceTree = "<group>"; };
		63630BD22853935900758D67 /* SymbolWeatherUITestsLaunchTests.swift */ = {isa = PBXFileReference; lastKnownFileType = sourcecode.swift; path = SymbolWeatherUITestsLaunchTests.swift; sourceTree = "<group>"; };
		63630BDF285393B700758D67 /* WeatherViewController.swift */ = {isa = PBXFileReference; lastKnownFileType = sourcecode.swift; path = WeatherViewController.swift; sourceTree = "<group>"; };
/* End PBXFileReference section */

/* Begin PBXFrameworksBuildPhase section */
		63630BA92853935600758D67 /* Frameworks */ = {
			isa = PBXFrameworksBuildPhase;
			buildActionMask = 2147483647;
			files = (
			);
			runOnlyForDeploymentPostprocessing = 0;
		};
		63630BBF2853935900758D67 /* Frameworks */ = {
			isa = PBXFrameworksBuildPhase;
			buildActionMask = 2147483647;
			files = (
			);
			runOnlyForDeploymentPostprocessing = 0;
		};
		63630BC92853935900758D67 /* Frameworks */ = {
			isa = PBXFrameworksBuildPhase;
			buildActionMask = 2147483647;
			files = (
			);
			runOnlyForDeploymentPostprocessing = 0;
		};
/* End PBXFrameworksBuildPhase section */

/* Begin PBXGroup section */
		63630BA32853935600758D67 = {
			isa = PBXGroup;
			children = (
				63630BAE2853935600758D67 /* SymbolWeather */,
				63630BC52853935900758D67 /* SymbolWeatherTests */,
				63630BCF2853935900758D67 /* SymbolWeatherUITests */,
				63630BAD2853935600758D67 /* Products */,
			);
			sourceTree = "<group>";
		};
		63630BAD2853935600758D67 /* Products */ = {
			isa = PBXGroup;
			children = (
				63630BAC2853935600758D67 /* SymbolWeather.app */,
				63630BC22853935900758D67 /* SymbolWeatherTests.xctest */,
				63630BCC2853935900758D67 /* SymbolWeatherUITests.xctest */,
			);
			name = Products;
			sourceTree = "<group>";
		};
		63630BAE2853935600758D67 /* SymbolWeather */ = {
			isa = PBXGroup;
			children = (
				63630BAF2853935600758D67 /* AppDelegate.swift */,
				63630BB12853935600758D67 /* SceneDelegate.swift */,
				63630BDF285393B700758D67 /* WeatherViewController.swift */,
				63630BB52853935600758D67 /* Main.storyboard */,
				63630BB82853935800758D67 /* Assets.xcassets */,
				63630BBA2853935800758D67 /* LaunchScreen.storyboard */,
				63630BBD2853935800758D67 /* Info.plist */,
			);
			path = SymbolWeather;
			sourceTree = "<group>";
		};
		63630BC52853935900758D67 /* SymbolWeatherTests */ = {
			isa = PBXGroup;
			children = (
				63630BC62853935900758D67 /* SymbolWeatherTests.swift */,
			);
			path = SymbolWeatherTests;
			sourceTree = "<group>";
		};
		63630BCF2853935900758D67 /* SymbolWeatherUITests */ = {
			isa = PBXGroup;
			children = (
				63630BD02853935900758D67 /* SymbolWeatherUITests.swift */,
				63630BD22853935900758D67 /* SymbolWeatherUITestsLaunchTests.swift */,
			);
			path = SymbolWeatherUITests;
			sourceTree = "<group>";
		};
/* End PBXGroup section */

/* Begin PBXNativeTarget section */
		63630BAB2853935600758D67 /* SymbolWeather */ = {
			isa = PBXNativeTarget;
			buildConfigurationList = 63630BD62853935900758D67 /* Build configuration list for PBXNativeTarget "SymbolWeather" */;
			buildPhases = (
				63630BA82853935600758D67 /* Sources */,
				63630BA92853935600758D67 /* Frameworks */,
				63630BAA2853935600758D67 /* Resources */,
			);
			buildRules = (
			);
			dependencies = (
			);
			name = SymbolWeather;
			productName = SymbolWeather;
			productReference = 63630BAC2853935600758D67 /* SymbolWeather.app */;
			productType = "com.apple.product-type.application";
		};
		63630BC12853935900758D67 /* SymbolWeatherTests */ = {
			isa = PBXNativeTarget;
			buildConfigurationList = 63630BD92853935900758D67 /* Build configuration list for PBXNativeTarget "SymbolWeatherTests" */;
			buildPhases = (
				63630BBE2853935900758D67 /* Sources */,
				63630BBF2853935900758D67 /* Frameworks */,
				63630BC02853935900758D67 /* Resources */,
			);
			buildRules = (
			);
			dependencies = (
				63630BC42853935900758D67 /* PBXTargetDependency */,
			);
			name = SymbolWeatherTests;
			productName = SymbolWeatherTests;
			productReference = 63630BC22853935900758D67 /* SymbolWeatherTests.xctest */;
			productType = "com.apple.product-type.bundle.unit-test";
		};
		63630BCB2853935900758D67 /* SymbolWeatherUITests */ = {
			isa = PBXNativeTarget;
			buildConfigurationList = 63630BDC2853935900758D67 /* Build configuration list for PBXNativeTarget "SymbolWeatherUITests" */;
			buildPhases = (
				63630BC82853935900758D67 /* Sources */,
				63630BC92853935900758D67 /* Frameworks */,
				63630BCA2853935900758D67 /* Resources */,
			);
			buildRules = (
			);
			dependencies = (
				63630BCE2853935900758D67 /* PBXTargetDependency */,
			);
			name = SymbolWeatherUITests;
			productName = SymbolWeatherUITests;
			productReference = 63630BCC2853935900758D67 /* SymbolWeatherUITests.xctest */;
			productType = "com.apple.product-type.bundle.ui-testing";
		};
/* End PBXNativeTarget section */

/* Begin PBXProject section */
		63630BA42853935600758D67 /* Project object */ = {
			isa = PBXProject;
			attributes = {
				BuildIndependentTargetsInParallel = 1;
				LastSwiftUpdateCheck = 1330;
				LastUpgradeCheck = 1330;
				TargetAttributes = {
					63630BAB2853935600758D67 = {
						CreatedOnToolsVersion = 13.3.1;
					};
					63630BC12853935900758D67 = {
						CreatedOnToolsVersion = 13.3.1;
						TestTargetID = 63630BAB2853935600758D67;
					};
					63630BCB2853935900758D67 = {
						CreatedOnToolsVersion = 13.3.1;
						TestTargetID = 63630BAB2853935600758D67;
					};
				};
			};
			buildConfigurationList = 63630BA72853935600758D67 /* Build configuration list for PBXProject "SymbolWeather" */;
			compatibilityVersion = "Xcode 13.0";
			developmentRegion = en;
			hasScannedForEncodings = 0;
			knownRegions = (
				en,
				Base,
			);
			mainGroup = 63630BA32853935600758D67;
			productRefGroup = 63630BAD2853935600758D67 /* Products */;
			projectDirPath = "";
			projectRoot = "";
			targets = (
				63630BAB2853935600758D67 /* SymbolWeather */,
				63630BC12853935900758D67 /* SymbolWeatherTests */,
				63630BCB2853935900758D67 /* SymbolWeatherUITests */,
			);
		};
/* End PBXProject section */

/* Begin PBXResourcesBuildPhase section */
		63630BAA2853935600758D67 /* Resources */ = {
			isa = PBXResourcesBuildPhase;
			buildActionMask = 2147483647;
			files = (
				63630BBC2853935800758D67 /* LaunchScreen.storyboard in Resources */,
				63630BB92853935800758D67 /* Assets.xcassets in Resources */,
				63630BB72853935600758D67 /* Main.storyboard in Resources */,
			);
			runOnlyForDeploymentPostprocessing = 0;
		};
		63630BC02853935900758D67 /* Resources */ = {
			isa = PBXResourcesBuildPhase;
			buildActionMask = 2147483647;
			files = (
			);
			runOnlyForDeploymentPostprocessing = 0;
		};
		63630BCA2853935900758D67 /* Resources */ = {
			isa = PBXResourcesBuildPhase;
			buildActionMask = 2147483647;
			files = (
			);
			runOnlyForDeploymentPostprocessing = 0;
		};
/* End PBXResourcesBuildPhase section */

/* Begin PBXSourcesBuildPhase section */
		63630BA82853935600758D67 /* Sources */ = {
			isa = PBXSourcesBuildPhase;
			buildActionMask = 2147483647;
			files = (
				63630BB02853935600758D67 /* AppDelegate.swift in Sources */,
				63630BE0285393B700758D67 /* WeatherViewController.swift in Sources */,
				63630BB22853935600758D67 /* SceneDelegate.swift in Sources */,
			);
			runOnlyForDeploymentPostprocessing = 0;
		};
		63630BBE2853935900758D67 /* Sources */ = {
			isa = PBXSourcesBuildPhase;
			buildActionMask = 2147483647;
			files = (
				63630BC72853935900758D67 /* SymbolWeatherTests.swift in Sources */,
			);
			runOnlyForDeploymentPostprocessing = 0;
		};
		63630BC82853935900758D67 /* Sources */ = {
			isa = PBXSourcesBuildPhase;
			buildActionMask = 2147483647;
			files = (
				63630BD12853935900758D67 /* SymbolWeatherUITests.swift in Sources */,
				63630BD32853935900758D67 /* SymbolWeatherUITestsLaunchTests.swift in Sources */,
			);
			runOnlyForDeploymentPostprocessing = 0;
		};
/* End PBXSourcesBuildPhase section */

/* Begin PBXTargetDependency section */
		63630BC42853935900758D67 /* PBXTargetDependency */ = {
			isa = PBXTargetDependency;
			target = 63630BAB2853935600758D67 /* SymbolWeather */;
			targetProxy = 63630BC32853935900758D67 /* PBXContainerItemProxy */;
		};
		63630BCE2853935900758D67 /* PBXTargetDependency */ = {
			isa = PBXTargetDependency;
			target = 63630BAB2853935600758D67 /* SymbolWeather */;
			targetProxy = 63630BCD2853935900758D67 /* PBXContainerItemProxy */;
		};
/* End PBXTargetDependency section */

/* Begin PBXVariantGroup section */
		63630BB52853935600758D67 /* Main.storyboard */ = {
			isa = PBXVariantGroup;
			children = (
				63630BB62853935600758D67 /* Base */,
			);
			name = Main.storyboard;
			sourceTree = "<group>";
		};
		63630BBA2853935800758D67 /* LaunchScreen.storyboard */ = {
			isa = PBXVariantGroup;
			children = (
				63630BBB2853935800758D67 /* Base */,
			);
			name = LaunchScreen.storyboard;
			sourceTree = "<group>";
		};
/* End PBXVariantGroup section */

/* Begin XCBuildConfiguration section */
		63630BD42853935900758D67 /* Debug */ = {
			isa = XCBuildConfiguration;
			buildSettings = {
				ALWAYS_SEARCH_USER_PATHS = NO;
				CLANG_ANALYZER_NONNULL = YES;
				CLANG_ANALYZER_NUMBER_OBJECT_CONVERSION = YES_AGGRESSIVE;
				CLANG_CXX_LANGUAGE_STANDARD = "gnu++17";
				CLANG_ENABLE_MODULES = YES;
				CLANG_ENABLE_OBJC_ARC = YES;
				CLANG_ENABLE_OBJC_WEAK = YES;
				CLANG_WARN_BLOCK_CAPTURE_AUTORELEASING = YES;
				CLANG_WARN_BOOL_CONVERSION = YES;
				CLANG_WARN_COMMA = YES;
				CLANG_WARN_CONSTANT_CONVERSION = YES;
				CLANG_WARN_DEPRECATED_OBJC_IMPLEMENTATIONS = YES;
				CLANG_WARN_DIRECT_OBJC_ISA_USAGE = YES_ERROR;
				CLANG_WARN_DOCUMENTATION_COMMENTS = YES;
				CLANG_WARN_EMPTY_BODY = YES;
				CLANG_WARN_ENUM_CONVERSION = YES;
				CLANG_WARN_INFINITE_RECURSION = YES;
				CLANG_WARN_INT_CONVERSION = YES;
				CLANG_WARN_NON_LITERAL_NULL_CONVERSION = YES;
				CLANG_WARN_OBJC_IMPLICIT_RETAIN_SELF = YES;
				CLANG_WARN_OBJC_LITERAL_CONVERSION = YES;
				CLANG_WARN_OBJC_ROOT_CLASS = YES_ERROR;
				CLANG_WARN_QUOTED_INCLUDE_IN_FRAMEWORK_HEADER = YES;
				CLANG_WARN_RANGE_LOOP_ANALYSIS = YES;
				CLANG_WARN_STRICT_PROTOTYPES = YES;
				CLANG_WARN_SUSPICIOUS_MOVE = YES;
				CLANG_WARN_UNGUARDED_AVAILABILITY = YES_AGGRESSIVE;
				CLANG_WARN_UNREACHABLE_CODE = YES;
				CLANG_WARN__DUPLICATE_METHOD_MATCH = YES;
				COPY_PHASE_STRIP = NO;
				DEBUG_INFORMATION_FORMAT = dwarf;
				ENABLE_STRICT_OBJC_MSGSEND = YES;
				ENABLE_TESTABILITY = YES;
				GCC_C_LANGUAGE_STANDARD = gnu11;
				GCC_DYNAMIC_NO_PIC = NO;
				GCC_NO_COMMON_BLOCKS = YES;
				GCC_OPTIMIZATION_LEVEL = 0;
				GCC_PREPROCESSOR_DEFINITIONS = (
					"DEBUG=1",
					"$(inherited)",
				);
				GCC_WARN_64_TO_32_BIT_CONVERSION = YES;
				GCC_WARN_ABOUT_RETURN_TYPE = YES_ERROR;
				GCC_WARN_UNDECLARED_SELECTOR = YES;
				GCC_WARN_UNINITIALIZED_AUTOS = YES_AGGRESSIVE;
				GCC_WARN_UNUSED_FUNCTION = YES;
				GCC_WARN_UNUSED_VARIABLE = YES;
				IPHONEOS_DEPLOYMENT_TARGET = 15.4;
				MTL_ENABLE_DEBUG_INFO = INCLUDE_SOURCE;
				MTL_FAST_MATH = YES;
				ONLY_ACTIVE_ARCH = YES;
				SDKROOT = iphoneos;
				SWIFT_ACTIVE_COMPILATION_CONDITIONS = DEBUG;
				SWIFT_OPTIMIZATION_LEVEL = "-Onone";
			};
			name = Debug;
		};
		63630BD52853935900758D67 /* Release */ = {
			isa = XCBuildConfiguration;
			buildSettings = {
				ALWAYS_SEARCH_USER_PATHS = NO;
				CLANG_ANALYZER_NONNULL = YES;
				CLANG_ANALYZER_NUMBER_OBJECT_CONVERSION = YES_AGGRESSIVE;
				CLANG_CXX_LANGUAGE_STANDARD = "gnu++17";
				CLANG_ENABLE_MODULES = YES;
				CLANG_ENABLE_OBJC_ARC = YES;
				CLANG_ENABLE_OBJC_WEAK = YES;
				CLANG_WARN_BLOCK_CAPTURE_AUTORELEASING = YES;
				CLANG_WARN_BOOL_CONVERSION = YES;
				CLANG_WARN_COMMA = YES;
				CLANG_WARN_CONSTANT_CONVERSION = YES;
				CLANG_WARN_DEPRECATED_OBJC_IMPLEMENTATIONS = YES;
				CLANG_WARN_DIRECT_OBJC_ISA_USAGE = YES_ERROR;
				CLANG_WARN_DOCUMENTATION_COMMENTS = YES;
				CLANG_WARN_EMPTY_BODY = YES;
				CLANG_WARN_ENUM_CONVERSION = YES;
				CLANG_WARN_INFINITE_RECURSION = YES;
				CLANG_WARN_INT_CONVERSION = YES;
				CLANG_WARN_NON_LITERAL_NULL_CONVERSION = YES;
				CLANG_WARN_OBJC_IMPLICIT_RETAIN_SELF = YES;
				CLANG_WARN_OBJC_LITERAL_CONVERSION = YES;
				CLANG_WARN_OBJC_ROOT_CLASS = YES_ERROR;
				CLANG_WARN_QUOTED_INCLUDE_IN_FRAMEWORK_HEADER = YES;
				CLANG_WARN_RANGE_LOOP_ANALYSIS = YES;
				CLANG_WARN_STRICT_PROTOTYPES = YES;
				CLANG_WARN_SUSPICIOUS_MOVE = YES;
				CLANG_WARN_UNGUARDED_AVAILABILITY = YES_AGGRESSIVE;
				CLANG_WARN_UNREACHABLE_CODE = YES;
				CLANG_WARN__DUPLICATE_METHOD_MATCH = YES;
				COPY_PHASE_STRIP = NO;
				DEBUG_INFORMATION_FORMAT = "dwarf-with-dsym";
				ENABLE_NS_ASSERTIONS = NO;
				ENABLE_STRICT_OBJC_MSGSEND = YES;
				GCC_C_LANGUAGE_STANDARD = gnu11;
				GCC_NO_COMMON_BLOCKS = YES;
				GCC_WARN_64_TO_32_BIT_CONVERSION = YES;
				GCC_WARN_ABOUT_RETURN_TYPE = YES_ERROR;
				GCC_WARN_UNDECLARED_SELECTOR = YES;
				GCC_WARN_UNINITIALIZED_AUTOS = YES_AGGRESSIVE;
				GCC_WARN_UNUSED_FUNCTION = YES;
				GCC_WARN_UNUSED_VARIABLE = YES;
				IPHONEOS_DEPLOYMENT_TARGET = 15.4;
				MTL_ENABLE_DEBUG_INFO = NO;
				MTL_FAST_MATH = YES;
				SDKROOT = iphoneos;
				SWIFT_COMPILATION_MODE = wholemodule;
				SWIFT_OPTIMIZATION_LEVEL = "-O";
				VALIDATE_PRODUCT = YES;
			};
			name = Release;
		};
		63630BD72853935900758D67 /* Debug */ = {
			isa = XCBuildConfiguration;
			buildSettings = {
				ASSETCATALOG_COMPILER_APPICON_NAME = AppIcon;
				ASSETCATALOG_COMPILER_GLOBAL_ACCENT_COLOR_NAME = AccentColor;
				CODE_SIGN_STYLE = Automatic;
				CURRENT_PROJECT_VERSION = 1;
				DEVELOPMENT_TEAM = E6JQ2JA658;
				GENERATE_INFOPLIST_FILE = YES;
				INFOPLIST_FILE = SymbolWeather/Info.plist;
				INFOPLIST_KEY_UIApplicationSupportsIndirectInputEvents = YES;
				INFOPLIST_KEY_UILaunchStoryboardName = LaunchScreen;
				INFOPLIST_KEY_UIMainStoryboardFile = Main;
				INFOPLIST_KEY_UISupportedInterfaceOrientations_iPad = "UIInterfaceOrientationPortrait UIInterfaceOrientationPortraitUpsideDown UIInterfaceOrientationLandscapeLeft UIInterfaceOrientationLandscapeRight";
				INFOPLIST_KEY_UISupportedInterfaceOrientations_iPhone = "UIInterfaceOrientationPortrait UIInterfaceOrientationLandscapeLeft UIInterfaceOrientationLandscapeRight";
				LD_RUNPATH_SEARCH_PATHS = (
					"$(inherited)",
					"@executable_path/Frameworks",
				);
				MARKETING_VERSION = 1.0;
				PRODUCT_BUNDLE_IDENTIFIER = com.example.SymbolWeather;
				PRODUCT_NAME = "$(TARGET_NAME)";
				SWIFT_EMIT_LOC_STRINGS = YES;
				SWIFT_VERSION = 5.0;
				TARGETED_DEVICE_FAMILY = "1,2";
			};
			name = Debug;
		};
		63630BD82853935900758D67 /* Release */ = {
			isa = XCBuildConfiguration;
			buildSettings = {
				ASSETCATALOG_COMPILER_APPICON_NAME = AppIcon;
				ASSETCATALOG_COMPILER_GLOBAL_ACCENT_COLOR_NAME = AccentColor;
				CODE_SIGN_STYLE = Automatic;
				CURRENT_PROJECT_VERSION = 1;
				DEVELOPMENT_TEAM = E6JQ2JA658;
				GENERATE_INFOPLIST_FILE = YES;
				INFOPLIST_FILE = SymbolWeather/Info.plist;
				INFOPLIST_KEY_UIApplicationSupportsIndirectInputEvents = YES;
				INFOPLIST_KEY_UILaunchStoryboardName = LaunchScreen;
				INFOPLIST_KEY_UIMainStoryboardFile = Main;
				INFOPLIST_KEY_UISupportedInterfaceOrientations_iPad = "UIInterfaceOrientationPortrait UIInterfaceOrientationPortraitUpsideDown UIInterfaceOrientationLandscapeLeft UIInterfaceOrientationLandscapeRight";
				INFOPLIST_KEY_UISupportedInterfaceOrientations_iPhone = "UIInterfaceOrientationPortrait UIInterfaceOrientationLandscapeLeft UIInterfaceOrientationLandscapeRight";
				LD_RUNPATH_SEARCH_PATHS = (
					"$(inherited)",
					"@executable_path/Frameworks",
				);
				MARKETING_VERSION = 1.0;
				PRODUCT_BUNDLE_IDENTIFIER = com.example.SymbolWeather;
				PRODUCT_NAME = "$(TARGET_NAME)";
				SWIFT_EMIT_LOC_STRINGS = YES;
				SWIFT_VERSION = 5.0;
				TARGETED_DEVICE_FAMILY = "1,2";
			};
			name = Release;
		};
		63630BDA2853935900758D67 /* Debug */ = {
			isa = XCBuildConfiguration;
			buildSettings = {
				ALWAYS_EMBED_SWIFT_STANDARD_LIBRARIES = YES;
				BUNDLE_LOADER = "$(TEST_HOST)";
				CODE_SIGN_STYLE = Automatic;
				CURRENT_PROJECT_VERSION = 1;
				DEVELOPMENT_TEAM = E6JQ2JA658;
				GENERATE_INFOPLIST_FILE = YES;
				IPHONEOS_DEPLOYMENT_TARGET = 15.4;
				MARKETING_VERSION = 1.0;
				PRODUCT_BUNDLE_IDENTIFIER = com.example.SymbolWeatherTests;
				PRODUCT_NAME = "$(TARGET_NAME)";
				SWIFT_EMIT_LOC_STRINGS = NO;
				SWIFT_VERSION = 5.0;
				TARGETED_DEVICE_FAMILY = "1,2";
				TEST_HOST = "$(BUILT_PRODUCTS_DIR)/SymbolWeather.app/SymbolWeather";
			};
			name = Debug;
		};
		63630BDB2853935900758D67 /* Release */ = {
			isa = XCBuildConfiguration;
			buildSettings = {
				ALWAYS_EMBED_SWIFT_STANDARD_LIBRARIES = YES;
				BUNDLE_LOADER = "$(TEST_HOST)";
				CODE_SIGN_STYLE = Automatic;
				CURRENT_PROJECT_VERSION = 1;
				DEVELOPMENT_TEAM = E6JQ2JA658;
				GENERATE_INFOPLIST_FILE = YES;
				IPHONEOS_DEPLOYMENT_TARGET = 15.4;
				MARKETING_VERSION = 1.0;
				PRODUCT_BUNDLE_IDENTIFIER = com.example.SymbolWeatherTests;
				PRODUCT_NAME = "$(TARGET_NAME)";
				SWIFT_EMIT_LOC_STRINGS = NO;
				SWIFT_VERSION = 5.0;
				TARGETED_DEVICE_FAMILY = "1,2";
				TEST_HOST = "$(BUILT_PRODUCTS_DIR)/SymbolWeather.app/SymbolWeather";
			};
			name = Release;
		};
		63630BDD2853935900758D67 /* Debug */ = {
			isa = XCBuildConfiguration;
			buildSettings = {
				ALWAYS_EMBED_SWIFT_STANDARD_LIBRARIES = YES;
				CODE_SIGN_STYLE = Automatic;
				CURRENT_PROJECT_VERSION = 1;
				DEVELOPMENT_TEAM = E6JQ2JA658;
				GENERATE_INFOPLIST_FILE = YES;
				MARKETING_VERSION = 1.0;
				PRODUCT_BUNDLE_IDENTIFIER = com.example.SymbolWeatherUITests;
				PRODUCT_NAME = "$(TARGET_NAME)";
				SWIFT_EMIT_LOC_STRINGS = NO;
				SWIFT_VERSION = 5.0;
				TARGETED_DEVICE_FAMILY = "1,2";
				TEST_TARGET_NAME = SymbolWeather;
			};
			name = Debug;
		};
		63630BDE2853935900758D67 /* Release */ = {
			isa = XCBuildConfiguration;
			buildSettings = {
				ALWAYS_EMBED_SWIFT_STANDARD_LIBRARIES = YES;
				CODE_SIGN_STYLE = Automatic;
				CURRENT_PROJECT_VERSION = 1;
				DEVELOPMENT_TEAM = E6JQ2JA658;
				GENERATE_INFOPLIST_FILE = YES;
				MARKETING_VERSION = 1.0;
				PRODUCT_BUNDLE_IDENTIFIER = com.example.SymbolWeatherUITests;
				PRODUCT_NAME = "$(TARGET_NAME)";
				SWIFT_EMIT_LOC_STRINGS = NO;
				SWIFT_VERSION = 5.0;
				TARGETED_DEVICE_FAMILY = "1,2";
				TEST_TARGET_NAME = SymbolWeather;
			};
			name = Release;
		};
/* End XCBuildConfiguration section */

/* Begin XCConfigurationList section */
		63630BA72853935600758D67 /* Build configuration list for PBXProject "SymbolWeather" */ = {
			isa = XCConfigurationList;
			buildConfigurations = (
				63630BD42853935900758D67 /* Debug */,
				63630BD52853935900758D67 /* Release */,
			);
			defaultConfigurationIsVisible = 0;
			defaultConfigurationName = Release;
		};
		63630BD62853935900758D67 /* Build configuration list for PBXNativeTarget "SymbolWeather" */ = {
			isa = XCConfigurationList;
			buildConfigurations = (
				63630BD72853935900758D67 /* Debug */,
				63630BD82853935900758D67 /* Release */,
			);
			defaultConfigurationIsVisible = 0;
			defaultConfigurationName = Release;
		};
		63630BD92853935900758D67 /* Build configuration list for PBXNativeTarget "SymbolWeatherTests" */ = {
			isa = XCConfigurationList;
			buildConfigurations = (
				63630BDA2853935900758D67 /* Debug */,
				63630BDB2853935900758D67 /* Release */,
			);
			defaultConfigurationIsVisible = 0;
			defaultConfigurationName = Release;
		};
		63630BDC2853935900758D67 /* Build configuration list for PBXNativeTarget "SymbolWeatherUITests" */ = {
			isa = XCConfigurationList;
			buildConfigurations = (
				63630BDD2853935900758D67 /* Debug */,
				63630BDE2853935900758D67 /* Release */,
			);
			defaultConfigurationIsVisible = 0;
			defaultConfigurationName = Release;
		};
/* End XCConfigurationList section */
	};
	rootObject = 63630BA42853935600758D67 /* Project object */;
}
